
Microsoft Visual Studio Solution File, Format Version 12.00
# Visual Studio Version 17
VisualStudioVersion = 17.9.34723.18
MinimumVisualStudioVersion = 10.0.40219.1
Project("{FAE04EC0-301F-11D3-BF4B-00C04F79EFBC}") = "RentACar.Web", "RentACar.Web\RentACar.Web.csproj", "{56F273F0-DB6C-4148-8573-78C61CC3D744}"
	ProjectSection(ProjectDependencies) = postProject
		{1DB67DC6-4756-4B83-A58F-C2D97E01BA4A} = {1DB67DC6-4756-4B83-A58F-C2D97E01BA4A}
		{6C983778-6DB5-4218-9DCC-33089ED8343D} = {6C983778-6DB5-4218-9DCC-33089ED8343D}
		{A2957D29-1F9A-47BA-A377-0915046F8E55} = {A2957D29-1F9A-47BA-A377-0915046F8E55}
		{D56B1826-F20B-4BD1-8B62-EE3E88A41223} = {D56B1826-F20B-4BD1-8B62-EE3E88A41223}
		{EA032E74-4E43-4263-9ECB-B02E109E21ED} = {EA032E74-4E43-4263-9ECB-B02E109E21ED}
	EndProjectSection
EndProject
Project("{FAE04EC0-301F-11D3-BF4B-00C04F79EFBC}") = "RentACar.Common", "RentACar.Common\RentACar.Common.csproj", "{6C983778-6DB5-4218-9DCC-33089ED8343D}"
EndProject
Project("{FAE04EC0-301F-11D3-BF4B-00C04F79EFBC}") = "RentACar.Models", "RentACar.Models\RentACar.Models.csproj", "{EA032E74-4E43-4263-9ECB-B02E109E21ED}"
	ProjectSection(ProjectDependencies) = postProject
		{6C983778-6DB5-4218-9DCC-33089ED8343D} = {6C983778-6DB5-4218-9DCC-33089ED8343D}
	EndProjectSection
EndProject
Project("{FAE04EC0-301F-11D3-BF4B-00C04F79EFBC}") = "RentACar.Services", "RentACar.Services\RentACar.Services.csproj", "{D56B1826-F20B-4BD1-8B62-EE3E88A41223}"
	ProjectSection(ProjectDependencies) = postProject
		{1DB67DC6-4756-4B83-A58F-C2D97E01BA4A} = {1DB67DC6-4756-4B83-A58F-C2D97E01BA4A}
		{6C983778-6DB5-4218-9DCC-33089ED8343D} = {6C983778-6DB5-4218-9DCC-33089ED8343D}
		{A2957D29-1F9A-47BA-A377-0915046F8E55} = {A2957D29-1F9A-47BA-A377-0915046F8E55}
		{EA032E74-4E43-4263-9ECB-B02E109E21ED} = {EA032E74-4E43-4263-9ECB-B02E109E21ED}
	EndProjectSection
EndProject
Project("{FAE04EC0-301F-11D3-BF4B-00C04F79EFBC}") = "RentACar.ViewModels", "RentACar.ViewModels\RentACar.ViewModels.csproj", "{A2957D29-1F9A-47BA-A377-0915046F8E55}"
	ProjectSection(ProjectDependencies) = postProject
		{6C983778-6DB5-4218-9DCC-33089ED8343D} = {6C983778-6DB5-4218-9DCC-33089ED8343D}
		{EA032E74-4E43-4263-9ECB-B02E109E21ED} = {EA032E74-4E43-4263-9ECB-B02E109E21ED}
	EndProjectSection
EndProject
Project("{FAE04EC0-301F-11D3-BF4B-00C04F79EFBC}") = "RentACar.Data", "RentACar.Data\RentACar.Data.csproj", "{1DB67DC6-4756-4B83-A58F-C2D97E01BA4A}"
	ProjectSection(ProjectDependencies) = postProject
		{6C983778-6DB5-4218-9DCC-33089ED8343D} = {6C983778-6DB5-4218-9DCC-33089ED8343D}
		{EA032E74-4E43-4263-9ECB-B02E109E21ED} = {EA032E74-4E43-4263-9ECB-B02E109E21ED}
	EndProjectSection
EndProject
Global
	GlobalSection(SolutionConfigurationPlatforms) = preSolution
		Debug|Any CPU = Debug|Any CPU
		Release|Any CPU = Release|Any CPU
	EndGlobalSection
	GlobalSection(ProjectConfigurationPlatforms) = postSolution
		{56F273F0-DB6C-4148-8573-78C61CC3D744}.Debug|Any CPU.ActiveCfg = Debug|Any CPU
		{56F273F0-DB6C-4148-8573-78C61CC3D744}.Debug|Any CPU.Build.0 = Debug|Any CPU
		{56F273F0-DB6C-4148-8573-78C61CC3D744}.Release|Any CPU.ActiveCfg = Release|Any CPU
		{56F273F0-DB6C-4148-8573-78C61CC3D744}.Release|Any CPU.Build.0 = Release|Any CPU
		{6C983778-6DB5-4218-9DCC-33089ED8343D}.Debug|Any CPU.ActiveCfg = Debug|Any CPU
		{6C983778-6DB5-4218-9DCC-33089ED8343D}.Debug|Any CPU.Build.0 = Debug|Any CPU
		{6C983778-6DB5-4218-9DCC-33089ED8343D}.Release|Any CPU.ActiveCfg = Release|Any CPU
		{6C983778-6DB5-4218-9DCC-33089ED8343D}.Release|Any CPU.Build.0 = Release|Any CPU
		{EA032E74-4E43-4263-9ECB-B02E109E21ED}.Debug|Any CPU.ActiveCfg = Debug|Any CPU
		{EA032E74-4E43-4263-9ECB-B02E109E21ED}.Debug|Any CPU.Build.0 = Debug|Any CPU
		{EA032E74-4E43-4263-9ECB-B02E109E21ED}.Release|Any CPU.ActiveCfg = Release|Any CPU
		{EA032E74-4E43-4263-9ECB-B02E109E21ED}.Release|Any CPU.Build.0 = Release|Any CPU
		{D56B1826-F20B-4BD1-8B62-EE3E88A41223}.Debug|Any CPU.ActiveCfg = Debug|Any CPU
		{D56B1826-F20B-4BD1-8B62-EE3E88A41223}.Debug|Any CPU.Build.0 = Debug|Any CPU
		{D56B1826-F20B-4BD1-8B62-EE3E88A41223}.Release|Any CPU.ActiveCfg = Release|Any CPU
		{D56B1826-F20B-4BD1-8B62-EE3E88A41223}.Release|Any CPU.Build.0 = Release|Any CPU
		{A2957D29-1F9A-47BA-A377-0915046F8E55}.Debug|Any CPU.ActiveCfg = Debug|Any CPU
		{A2957D29-1F9A-47BA-A377-0915046F8E55}.Debug|Any CPU.Build.0 = Debug|Any CPU
		{A2957D29-1F9A-47BA-A377-0915046F8E55}.Release|Any CPU.ActiveCfg = Release|Any CPU
		{A2957D29-1F9A-47BA-A377-0915046F8E55}.Release|Any CPU.Build.0 = Release|Any CPU
		{1DB67DC6-4756-4B83-A58F-C2D97E01BA4A}.Debug|Any CPU.ActiveCfg = Debug|Any CPU
		{1DB67DC6-4756-4B83-A58F-C2D97E01BA4A}.Debug|Any CPU.Build.0 = Debug|Any CPU
		{1DB67DC6-4756-4B83-A58F-C2D97E01BA4A}.Release|Any CPU.ActiveCfg = Release|Any CPU
		{1DB67DC6-4756-4B83-A58F-C2D97E01BA4A}.Release|Any CPU.Build.0 = Release|Any CPU
	EndGlobalSection
	GlobalSection(SolutionProperties) = preSolution
		HideSolutionNode = FALSE
	EndGlobalSection
	GlobalSection(ExtensibilityGlobals) = postSolution
		SolutionGuid = {40E40967-058F-4C3B-BEBF-BB563E3BC9DC}
	EndGlobalSection
EndGlobal
