
Microsoft Visual Studio Solution File, Format Version 12.00
# Visual Studio Version 17
VisualStudioVersion = 17.9.34714.143
MinimumVisualStudioVersion = 10.0.40219.1
Project("{FAE04EC0-301F-11D3-BF4B-00C04F79EFBC}") = "RentACar.Web", "RentACar.Web\RentACar.Web.csproj", "{69A335A0-7ABE-4D88-B20D-BF27395422AB}"
EndProject
Project("{FAE04EC0-301F-11D3-BF4B-00C04F79EFBC}") = "RentACar.Common", "RentACar.Common\RentACar.Common.csproj", "{103674FC-509F-404F-817D-4DA8F4C29F22}"
EndProject
Project("{FAE04EC0-301F-11D3-BF4B-00C04F79EFBC}") = "RentACar.Data", "RentACar.Data\RentACar.Data.csproj", "{0C9D0E3F-A677-4E18-8360-B7D4CA54609B}"
EndProject
Project("{FAE04EC0-301F-11D3-BF4B-00C04F79EFBC}") = "RentACar.Models", "RentACar.Models\RentACar.Models.csproj", "{0535727C-CBC3-4B44-A781-6EDF3665FAC8}"
EndProject
Project("{FAE04EC0-301F-11D3-BF4B-00C04F79EFBC}") = "RentACar.Service", "RentACar.Service\RentACar.Service.csproj", "{60323483-217B-40FF-9647-36062A7CC8E6}"
EndProject
Project("{FAE04EC0-301F-11D3-BF4B-00C04F79EFBC}") = "RentACar.ViewModels", "RentACar.ViewModels\RentACar.ViewModels.csproj", "{89052E35-9E52-498C-9559-8BCC31F1838C}"
EndProject
Global
	GlobalSection(SolutionConfigurationPlatforms) = preSolution
		Debug|Any CPU = Debug|Any CPU
		Release|Any CPU = Release|Any CPU
	EndGlobalSection
	GlobalSection(ProjectConfigurationPlatforms) = postSolution
		{69A335A0-7ABE-4D88-B20D-BF27395422AB}.Debug|Any CPU.ActiveCfg = Debug|Any CPU
		{69A335A0-7ABE-4D88-B20D-BF27395422AB}.Debug|Any CPU.Build.0 = Debug|Any CPU
		{69A335A0-7ABE-4D88-B20D-BF27395422AB}.Release|Any CPU.ActiveCfg = Release|Any CPU
		{69A335A0-7ABE-4D88-B20D-BF27395422AB}.Release|Any CPU.Build.0 = Release|Any CPU
		{103674FC-509F-404F-817D-4DA8F4C29F22}.Debug|Any CPU.ActiveCfg = Debug|Any CPU
		{103674FC-509F-404F-817D-4DA8F4C29F22}.Debug|Any CPU.Build.0 = Debug|Any CPU
		{103674FC-509F-404F-817D-4DA8F4C29F22}.Release|Any CPU.ActiveCfg = Release|Any CPU
		{103674FC-509F-404F-817D-4DA8F4C29F22}.Release|Any CPU.Build.0 = Release|Any CPU
		{0C9D0E3F-A677-4E18-8360-B7D4CA54609B}.Debug|Any CPU.ActiveCfg = Debug|Any CPU
		{0C9D0E3F-A677-4E18-8360-B7D4CA54609B}.Debug|Any CPU.Build.0 = Debug|Any CPU
		{0C9D0E3F-A677-4E18-8360-B7D4CA54609B}.Release|Any CPU.ActiveCfg = Release|Any CPU
		{0C9D0E3F-A677-4E18-8360-B7D4CA54609B}.Release|Any CPU.Build.0 = Release|Any CPU
		{0535727C-CBC3-4B44-A781-6EDF3665FAC8}.Debug|Any CPU.ActiveCfg = Debug|Any CPU
		{0535727C-CBC3-4B44-A781-6EDF3665FAC8}.Debug|Any CPU.Build.0 = Debug|Any CPU
		{0535727C-CBC3-4B44-A781-6EDF3665FAC8}.Release|Any CPU.ActiveCfg = Release|Any CPU
		{0535727C-CBC3-4B44-A781-6EDF3665FAC8}.Release|Any CPU.Build.0 = Release|Any CPU
		{60323483-217B-40FF-9647-36062A7CC8E6}.Debug|Any CPU.ActiveCfg = Debug|Any CPU
		{60323483-217B-40FF-9647-36062A7CC8E6}.Debug|Any CPU.Build.0 = Debug|Any CPU
		{60323483-217B-40FF-9647-36062A7CC8E6}.Release|Any CPU.ActiveCfg = Release|Any CPU
		{60323483-217B-40FF-9647-36062A7CC8E6}.Release|Any CPU.Build.0 = Release|Any CPU
		{89052E35-9E52-498C-9559-8BCC31F1838C}.Debug|Any CPU.ActiveCfg = Debug|Any CPU
		{89052E35-9E52-498C-9559-8BCC31F1838C}.Debug|Any CPU.Build.0 = Debug|Any CPU
		{89052E35-9E52-498C-9559-8BCC31F1838C}.Release|Any CPU.ActiveCfg = Release|Any CPU
		{89052E35-9E52-498C-9559-8BCC31F1838C}.Release|Any CPU.Build.0 = Release|Any CPU
	EndGlobalSection
	GlobalSection(SolutionProperties) = preSolution
		HideSolutionNode = FALSE
	EndGlobalSection
	GlobalSection(ExtensibilityGlobals) = postSolution
		SolutionGuid = {7BA40E77-DE4D-48CF-8261-CBBA84A883F8}
	EndGlobalSection
EndGlobal
